
Microsoft Visual Studio Solution File, Format Version 12.00
Project("{FAE04EC0-301F-11D3-BF4B-00C04F79EFBC}") = "GatewayService.Web.Api", "GatewayService.Web.Api\GatewayService.Web.Api.csproj", "{B32B300A-8C33-41EF-BA65-E464623A0F6F}"
EndProject
Project("{2150E333-8FDC-42A3-9474-1A3956D46DE8}") = "GatewayService.Web", "GatewayService.Web", "{8C0E6BBA-C4C0-4E94-96F6-F7C6B2018B3E}"
EndProject
Project("{FAE04EC0-301F-11D3-BF4B-00C04F79EFBC}") = "GatewayService.Web.Dto", "GatewayService.Web.Dto\GatewayService.Web.Dto.csproj", "{F5AECF10-7C30-4725-9D7A-2424AE550989}"
EndProject
Project("{2150E333-8FDC-42A3-9474-1A3956D46DE8}") = "GatewayService.Domain", "GatewayService.Domain", "{79CBBA22-7B74-40FA-89C6-2297AC68272A}"
EndProject
Project("{FAE04EC0-301F-11D3-BF4B-00C04F79EFBC}") = "GatewayService.Domain.Models", "GatewayService.Domain.Models\GatewayService.Domain.Models.csproj", "{E3DB931F-9547-444B-AD0F-89D991471EFF}"
EndProject
Project("{FAE04EC0-301F-11D3-BF4B-00C04F79EFBC}") = "GatewayService.Domain.Interfaces", "GatewayService.Domain.Interfaces\GatewayService.Domain.Interfaces.csproj", "{C9CA5CBC-A868-43CE-A7B0-C735E04D5D6B}"
EndProject
Project("{FAE04EC0-301F-11D3-BF4B-00C04F79EFBC}") = "GatewayService.Domain.Exceptions", "GatewayService.Domain.Exceptions\GatewayService.Domain.Exceptions.csproj", "{AC25DAE7-FEB4-4E06-AB9C-737EE086A952}"
EndProject
Project("{2150E333-8FDC-42A3-9474-1A3956D46DE8}") = "GatewayService.Application", "GatewayService.Application", "{5C218D2D-292D-4DD2-8485-8F940096799A}"
EndProject
Project("{FAE04EC0-301F-11D3-BF4B-00C04F79EFBC}") = "GatewayService.Application.Services", "GatewayService.Application.Services\GatewayService.Application.Services.csproj", "{80FD3EBB-CE6E-4DCB-871D-BC75C7519991}"
EndProject
Project("{2150E333-8FDC-42A3-9474-1A3956D46DE8}") = "GatewayService.DataAccess", "GatewayService.DataAccess", "{C51DFFF8-8C96-4F96-B785-1DBBBC1A9842}"
EndProject
Project("{FAE04EC0-301F-11D3-BF4B-00C04F79EFBC}") = "GatewayService.DataAccess.Gateways", "GatewayService.DataAccess.Gateways\GatewayService.DataAccess.Gateways.csproj", "{DB2BB98B-D1BF-4772-B29C-916DFE6CBB80}"
EndProject
Project("{FAE04EC0-301F-11D3-BF4B-00C04F79EFBC}") = "GatewayService.DataAccess.Models", "GatewayService.DataAccess.Models\GatewayService.DataAccess.Models.csproj", "{0C793126-3F7F-415A-AE84-4F361C96E6C4}"
EndProject
Project("{FAE04EC0-301F-11D3-BF4B-00C04F79EFBC}") = "GatewayService.Application.Helpers", "GatewayService.Application.Helpers\GatewayService.Application.Helpers.csproj", "{7B6995CD-4A7F-4084-A8B9-4D32E624F0AD}"
EndProject
Global
	GlobalSection(SolutionConfigurationPlatforms) = preSolution
		Debug|Any CPU = Debug|Any CPU
		Release|Any CPU = Release|Any CPU
	EndGlobalSection
	GlobalSection(ProjectConfigurationPlatforms) = postSolution
		{B32B300A-8C33-41EF-BA65-E464623A0F6F}.Debug|Any CPU.ActiveCfg = Debug|Any CPU
		{B32B300A-8C33-41EF-BA65-E464623A0F6F}.Debug|Any CPU.Build.0 = Debug|Any CPU
		{B32B300A-8C33-41EF-BA65-E464623A0F6F}.Release|Any CPU.ActiveCfg = Release|Any CPU
		{B32B300A-8C33-41EF-BA65-E464623A0F6F}.Release|Any CPU.Build.0 = Release|Any CPU
		{F5AECF10-7C30-4725-9D7A-2424AE550989}.Debug|Any CPU.ActiveCfg = Debug|Any CPU
		{F5AECF10-7C30-4725-9D7A-2424AE550989}.Debug|Any CPU.Build.0 = Debug|Any CPU
		{F5AECF10-7C30-4725-9D7A-2424AE550989}.Release|Any CPU.ActiveCfg = Release|Any CPU
		{F5AECF10-7C30-4725-9D7A-2424AE550989}.Release|Any CPU.Build.0 = Release|Any CPU
		{E3DB931F-9547-444B-AD0F-89D991471EFF}.Debug|Any CPU.ActiveCfg = Debug|Any CPU
		{E3DB931F-9547-444B-AD0F-89D991471EFF}.Debug|Any CPU.Build.0 = Debug|Any CPU
		{E3DB931F-9547-444B-AD0F-89D991471EFF}.Release|Any CPU.ActiveCfg = Release|Any CPU
		{E3DB931F-9547-444B-AD0F-89D991471EFF}.Release|Any CPU.Build.0 = Release|Any CPU
		{C9CA5CBC-A868-43CE-A7B0-C735E04D5D6B}.Debug|Any CPU.ActiveCfg = Debug|Any CPU
		{C9CA5CBC-A868-43CE-A7B0-C735E04D5D6B}.Debug|Any CPU.Build.0 = Debug|Any CPU
		{C9CA5CBC-A868-43CE-A7B0-C735E04D5D6B}.Release|Any CPU.ActiveCfg = Release|Any CPU
		{C9CA5CBC-A868-43CE-A7B0-C735E04D5D6B}.Release|Any CPU.Build.0 = Release|Any CPU
		{AC25DAE7-FEB4-4E06-AB9C-737EE086A952}.Debug|Any CPU.ActiveCfg = Debug|Any CPU
		{AC25DAE7-FEB4-4E06-AB9C-737EE086A952}.Debug|Any CPU.Build.0 = Debug|Any CPU
		{AC25DAE7-FEB4-4E06-AB9C-737EE086A952}.Release|Any CPU.ActiveCfg = Release|Any CPU
		{AC25DAE7-FEB4-4E06-AB9C-737EE086A952}.Release|Any CPU.Build.0 = Release|Any CPU
		{80FD3EBB-CE6E-4DCB-871D-BC75C7519991}.Debug|Any CPU.ActiveCfg = Debug|Any CPU
		{80FD3EBB-CE6E-4DCB-871D-BC75C7519991}.Debug|Any CPU.Build.0 = Debug|Any CPU
		{80FD3EBB-CE6E-4DCB-871D-BC75C7519991}.Release|Any CPU.ActiveCfg = Release|Any CPU
		{80FD3EBB-CE6E-4DCB-871D-BC75C7519991}.Release|Any CPU.Build.0 = Release|Any CPU
		{DB2BB98B-D1BF-4772-B29C-916DFE6CBB80}.Debug|Any CPU.ActiveCfg = Debug|Any CPU
		{DB2BB98B-D1BF-4772-B29C-916DFE6CBB80}.Debug|Any CPU.Build.0 = Debug|Any CPU
		{DB2BB98B-D1BF-4772-B29C-916DFE6CBB80}.Release|Any CPU.ActiveCfg = Release|Any CPU
		{DB2BB98B-D1BF-4772-B29C-916DFE6CBB80}.Release|Any CPU.Build.0 = Release|Any CPU
		{0C793126-3F7F-415A-AE84-4F361C96E6C4}.Debug|Any CPU.ActiveCfg = Debug|Any CPU
		{0C793126-3F7F-415A-AE84-4F361C96E6C4}.Debug|Any CPU.Build.0 = Debug|Any CPU
		{0C793126-3F7F-415A-AE84-4F361C96E6C4}.Release|Any CPU.ActiveCfg = Release|Any CPU
		{0C793126-3F7F-415A-AE84-4F361C96E6C4}.Release|Any CPU.Build.0 = Release|Any CPU
		{7B6995CD-4A7F-4084-A8B9-4D32E624F0AD}.Debug|Any CPU.ActiveCfg = Debug|Any CPU
		{7B6995CD-4A7F-4084-A8B9-4D32E624F0AD}.Debug|Any CPU.Build.0 = Debug|Any CPU
		{7B6995CD-4A7F-4084-A8B9-4D32E624F0AD}.Release|Any CPU.ActiveCfg = Release|Any CPU
		{7B6995CD-4A7F-4084-A8B9-4D32E624F0AD}.Release|Any CPU.Build.0 = Release|Any CPU
	EndGlobalSection
	GlobalSection(NestedProjects) = preSolution
		{B32B300A-8C33-41EF-BA65-E464623A0F6F} = {8C0E6BBA-C4C0-4E94-96F6-F7C6B2018B3E}
		{F5AECF10-7C30-4725-9D7A-2424AE550989} = {8C0E6BBA-C4C0-4E94-96F6-F7C6B2018B3E}
		{E3DB931F-9547-444B-AD0F-89D991471EFF} = {79CBBA22-7B74-40FA-89C6-2297AC68272A}
		{C9CA5CBC-A868-43CE-A7B0-C735E04D5D6B} = {79CBBA22-7B74-40FA-89C6-2297AC68272A}
		{AC25DAE7-FEB4-4E06-AB9C-737EE086A952} = {79CBBA22-7B74-40FA-89C6-2297AC68272A}
		{80FD3EBB-CE6E-4DCB-871D-BC75C7519991} = {5C218D2D-292D-4DD2-8485-8F940096799A}
		{DB2BB98B-D1BF-4772-B29C-916DFE6CBB80} = {C51DFFF8-8C96-4F96-B785-1DBBBC1A9842}
		{0C793126-3F7F-415A-AE84-4F361C96E6C4} = {C51DFFF8-8C96-4F96-B785-1DBBBC1A9842}
		{7B6995CD-4A7F-4084-A8B9-4D32E624F0AD} = {5C218D2D-292D-4DD2-8485-8F940096799A}
	EndGlobalSection
EndGlobal
